
Microsoft Visual Studio Solution File, Format Version 12.00
# Visual Studio Version 17
VisualStudioVersion = 17.14.36429.23 d17.14
MinimumVisualStudioVersion = 10.0.40219.1
Project("{FAE04EC0-301F-11D3-BF4B-00C04F79EFBC}") = "TMeadiaUploadFile", "TMeadiaUploadFile\TMeadiaUploadFile.csproj", "{CDFE68C7-68C2-4AE6-98BB-F6A56380C099}"
EndProject
Global
	GlobalSection(SolutionConfigurationPlatforms) = preSolution
		Debug|Any CPU = Debug|Any CPU
		Release|Any CPU = Release|Any CPU
	EndGlobalSection
	GlobalSection(ProjectConfigurationPlatforms) = postSolution
		{CDFE68C7-68C2-4AE6-98BB-F6A56380C099}.Debug|Any CPU.ActiveCfg = Debug|Any CPU
		{CDFE68C7-68C2-4AE6-98BB-F6A56380C099}.Debug|Any CPU.Build.0 = Debug|Any CPU
		{CDFE68C7-68C2-4AE6-98BB-F6A56380C099}.Release|Any CPU.ActiveCfg = Release|Any CPU
		{CDFE68C7-68C2-4AE6-98BB-F6A56380C099}.Release|Any CPU.Build.0 = Release|Any CPU
	EndGlobalSection
	GlobalSection(SolutionProperties) = preSolution
		HideSolutionNode = FALSE
	EndGlobalSection
	GlobalSection(ExtensibilityGlobals) = postSolution
		SolutionGuid = {4FE3A9EC-043D-4420-9480-0B5E4D66AB20}
	EndGlobalSection
EndGlobal
